
Microsoft Visual Studio Solution File, Format Version 12.00
# Visual Studio Express 2012 for Web
Project("{FAE04EC0-301F-11D3-BF4B-00C04F79EFBC}") = "Notechest", "Notechest\Notechest.csproj", "{0C4E05A3-06E2-434A-9998-D2C3BD186A47}"
EndProject
Global
	GlobalSection(SolutionConfigurationPlatforms) = preSolution
		Debug|Any CPU = Debug|Any CPU
		Release|Any CPU = Release|Any CPU
	EndGlobalSection
	GlobalSection(ProjectConfigurationPlatforms) = postSolution
		{0C4E05A3-06E2-434A-9998-D2C3BD186A47}.Debug|Any CPU.ActiveCfg = Debug|Any CPU
		{0C4E05A3-06E2-434A-9998-D2C3BD186A47}.Debug|Any CPU.Build.0 = Debug|Any CPU
		{0C4E05A3-06E2-434A-9998-D2C3BD186A47}.Release|Any CPU.ActiveCfg = Release|Any CPU
		{0C4E05A3-06E2-434A-9998-D2C3BD186A47}.Release|Any CPU.Build.0 = Release|Any CPU
	EndGlobalSection
	GlobalSection(SolutionProperties) = preSolution
		HideSolutionNode = FALSE
	EndGlobalSection
EndGlobal
